// !$*UTF8*$!
{
	archiveVersion = 1;
	classes = {
	};
	objectVersion = 50;
	objects = {

/* Begin PBXBuildFile section */
		79789CEB2295C6AA0092BA29 /* AppDelegate.swift in Sources */ = {isa = PBXBuildFile; fileRef = 79789CEA2295C6AA0092BA29 /* AppDelegate.swift */; };
		79789CED2295C6AA0092BA29 /* GameScene.sks in Resources */ = {isa = PBXBuildFile; fileRef = 79789CEC2295C6AA0092BA29 /* GameScene.sks */; };
		79789CEF2295C6AA0092BA29 /* Actions.sks in Resources */ = {isa = PBXBuildFile; fileRef = 79789CEE2295C6AA0092BA29 /* Actions.sks */; };
		79789CF12295C6AA0092BA29 /* GameScene.swift in Sources */ = {isa = PBXBuildFile; fileRef = 79789CF02295C6AA0092BA29 /* GameScene.swift */; };
		79789CF32295C6AA0092BA29 /* ViewController.swift in Sources */ = {isa = PBXBuildFile; fileRef = 79789CF22295C6AA0092BA29 /* ViewController.swift */; };
		79789CF52295C6AC0092BA29 /* Assets.xcassets in Resources */ = {isa = PBXBuildFile; fileRef = 79789CF42295C6AC0092BA29 /* Assets.xcassets */; };
		79789CF82295C6AC0092BA29 /* Main.storyboard in Resources */ = {isa = PBXBuildFile; fileRef = 79789CF62295C6AC0092BA29 /* Main.storyboard */; };
/* End PBXBuildFile section */

/* Begin PBXFileReference section */
		79789CE72295C6AA0092BA29 /* EnderGameDesktop.app */ = {isa = PBXFileReference; explicitFileType = wrapper.application; includeInIndex = 0; path = EnderGameDesktop.app; sourceTree = BUILT_PRODUCTS_DIR; };
		79789CEA2295C6AA0092BA29 /* AppDelegate.swift */ = {isa = PBXFileReference; lastKnownFileType = sourcecode.swift; path = AppDelegate.swift; sourceTree = "<group>"; };
		79789CEC2295C6AA0092BA29 /* GameScene.sks */ = {isa = PBXFileReference; lastKnownFileType = file.sks; path = GameScene.sks; sourceTree = "<group>"; };
		79789CEE2295C6AA0092BA29 /* Actions.sks */ = {isa = PBXFileReference; lastKnownFileType = file.sks; path = Actions.sks; sourceTree = "<group>"; };
		79789CF02295C6AA0092BA29 /* GameScene.swift */ = {isa = PBXFileReference; lastKnownFileType = sourcecode.swift; path = GameScene.swift; sourceTree = "<group>"; };
		79789CF22295C6AA0092BA29 /* ViewController.swift */ = {isa = PBXFileReference; lastKnownFileType = sourcecode.swift; path = ViewController.swift; sourceTree = "<group>"; };
		79789CF42295C6AC0092BA29 /* Assets.xcassets */ = {isa = PBXFileReference; lastKnownFileType = folder.assetcatalog; path = Assets.xcassets; sourceTree = "<group>"; };
		79789CF72295C6AC0092BA29 /* Base */ = {isa = PBXFileReference; lastKnownFileType = file.storyboard; name = Base; path = Base.lproj/Main.storyboard; sourceTree = "<group>"; };
		79789CF92295C6AC0092BA29 /* Info.plist */ = {isa = PBXFileReference; lastKnownFileType = text.plist.xml; path = Info.plist; sourceTree = "<group>"; };
		79789CFA2295C6AC0092BA29 /* EnderGameDesktop.entitlements */ = {isa = PBXFileReference; lastKnownFileType = text.plist.entitlements; path = EnderGameDesktop.entitlements; sourceTree = "<group>"; };
/* End PBXFileReference section */

/* Begin PBXFrameworksBuildPhase section */
		79789CE42295C6AA0092BA29 /* Frameworks */ = {
			isa = PBXFrameworksBuildPhase;
			buildActionMask = 2147483647;
			files = (
			);
			runOnlyForDeploymentPostprocessing = 0;
		};
/* End PBXFrameworksBuildPhase section */

/* Begin PBXGroup section */
		79789CDE2295C6AA0092BA29 = {
			isa = PBXGroup;
			children = (
				79789CE92295C6AA0092BA29 /* EnderGameDesktop */,
				79789CE82295C6AA0092BA29 /* Products */,
			);
			sourceTree = "<group>";
		};
		79789CE82295C6AA0092BA29 /* Products */ = {
			isa = PBXGroup;
			children = (
				79789CE72295C6AA0092BA29 /* EnderGameDesktop.app */,
			);
			name = Products;
			sourceTree = "<group>";
		};
		79789CE92295C6AA0092BA29 /* EnderGameDesktop */ = {
			isa = PBXGroup;
			children = (
				79789CEA2295C6AA0092BA29 /* AppDelegate.swift */,
				79789CEC2295C6AA0092BA29 /* GameScene.sks */,
				79789CEE2295C6AA0092BA29 /* Actions.sks */,
				79789CF02295C6AA0092BA29 /* GameScene.swift */,
				79789CF22295C6AA0092BA29 /* ViewController.swift */,
				79789CF42295C6AC0092BA29 /* Assets.xcassets */,
				79789CF62295C6AC0092BA29 /* Main.storyboard */,
				79789CF92295C6AC0092BA29 /* Info.plist */,
				79789CFA2295C6AC0092BA29 /* EnderGameDesktop.entitlements */,
			);
			path = EnderGameDesktop;
			sourceTree = "<group>";
		};
/* End PBXGroup section */

/* Begin PBXNativeTarget section */
		79789CE62295C6AA0092BA29 /* EnderGameDesktop */ = {
			isa = PBXNativeTarget;
			buildConfigurationList = 79789CFD2295C6AC0092BA29 /* Build configuration list for PBXNativeTarget "EnderGameDesktop" */;
			buildPhases = (
				79789CE32295C6AA0092BA29 /* Sources */,
				79789CE42295C6AA0092BA29 /* Frameworks */,
				79789CE52295C6AA0092BA29 /* Resources */,
			);
			buildRules = (
			);
			dependencies = (
			);
			name = EnderGameDesktop;
			productName = EnderGameDesktop;
			productReference = 79789CE72295C6AA0092BA29 /* EnderGameDesktop.app */;
			productType = "com.apple.product-type.application";
		};
/* End PBXNativeTarget section */

/* Begin PBXProject section */
		79789CDF2295C6AA0092BA29 /* Project object */ = {
			isa = PBXProject;
			attributes = {
				LastSwiftUpdateCheck = 1020;
				LastUpgradeCheck = 1020;
				ORGANIZATIONNAME = mmirat;
				TargetAttributes = {
					79789CE62295C6AA0092BA29 = {
						CreatedOnToolsVersion = 10.2.1;
					};
				};
			};
			buildConfigurationList = 79789CE22295C6AA0092BA29 /* Build configuration list for PBXProject "EnderGameDesktop" */;
			compatibilityVersion = "Xcode 9.3";
			developmentRegion = en;
			hasScannedForEncodings = 0;
			knownRegions = (
				en,
				Base,
			);
			mainGroup = 79789CDE2295C6AA0092BA29;
			productRefGroup = 79789CE82295C6AA0092BA29 /* Products */;
			projectDirPath = "";
			projectRoot = "";
			targets = (
				79789CE62295C6AA0092BA29 /* EnderGameDesktop */,
			);
		};
/* End PBXProject section */

/* Begin PBXResourcesBuildPhase section */
		79789CE52295C6AA0092BA29 /* Resources */ = {
			isa = PBXResourcesBuildPhase;
			buildActionMask = 2147483647;
			files = (
				79789CED2295C6AA0092BA29 /* GameScene.sks in Resources */,
				79789CF52295C6AC0092BA29 /* Assets.xcassets in Resources */,
				79789CEF2295C6AA0092BA29 /* Actions.sks in Resources */,
				79789CF82295C6AC0092BA29 /* Main.storyboard in Resources */,
			);
			runOnlyForDeploymentPostprocessing = 0;
		};
/* End PBXResourcesBuildPhase section */

/* Begin PBXSourcesBuildPhase section */
		79789CE32295C6AA0092BA29 /* Sources */ = {
			isa = PBXSourcesBuildPhase;
			buildActionMask = 2147483647;
			files = (
				79789CF32295C6AA0092BA29 /* ViewController.swift in Sources */,
				79789CF12295C6AA0092BA29 /* GameScene.swift in Sources */,
				79789CEB2295C6AA0092BA29 /* AppDelegate.swift in Sources */,
			);
			runOnlyForDeploymentPostprocessing = 0;
		};
/* End PBXSourcesBuildPhase section */

/* Begin PBXVariantGroup section */
		79789CF62295C6AC0092BA29 /* Main.storyboard */ = {
			isa = PBXVariantGroup;
			children = (
				79789CF72295C6AC0092BA29 /* Base */,
			);
			name = Main.storyboard;
			sourceTree = "<group>";
		};
/* End PBXVariantGroup section */

/* Begin XCBuildConfiguration section */
		79789CFB2295C6AC0092BA29 /* Debug */ = {
			isa = XCBuildConfiguration;
			buildSettings = {
				ALWAYS_SEARCH_USER_PATHS = NO;
				CLANG_ANALYZER_NONNULL = YES;
				CLANG_ANALYZER_NUMBER_OBJECT_CONVERSION = YES_AGGRESSIVE;
				CLANG_CXX_LANGUAGE_STANDARD = "gnu++14";
				CLANG_CXX_LIBRARY = "libc++";
				CLANG_ENABLE_MODULES = YES;
				CLANG_ENABLE_OBJC_ARC = YES;
				CLANG_ENABLE_OBJC_WEAK = YES;
				CLANG_WARN_BLOCK_CAPTURE_AUTORELEASING = YES;
				CLANG_WARN_BOOL_CONVERSION = YES;
				CLANG_WARN_COMMA = YES;
				CLANG_WARN_CONSTANT_CONVERSION = YES;
				CLANG_WARN_DEPRECATED_OBJC_IMPLEMENTATIONS = YES;
				CLANG_WARN_DIRECT_OBJC_ISA_USAGE = YES_ERROR;
				CLANG_WARN_DOCUMENTATION_COMMENTS = YES;
				CLANG_WARN_EMPTY_BODY = YES;
				CLANG_WARN_ENUM_CONVERSION = YES;
				CLANG_WARN_INFINITE_RECURSION = YES;
				CLANG_WARN_INT_CONVERSION = YES;
				CLANG_WARN_NON_LITERAL_NULL_CONVERSION = YES;
				CLANG_WARN_OBJC_IMPLICIT_RETAIN_SELF = YES;
				CLANG_WARN_OBJC_LITERAL_CONVERSION = YES;
				CLANG_WARN_OBJC_ROOT_CLASS = YES_ERROR;
				CLANG_WARN_RANGE_LOOP_ANALYSIS = YES;
				CLANG_WARN_STRICT_PROTOTYPES = YES;
				CLANG_WARN_SUSPICIOUS_MOVE = YES;
				CLANG_WARN_UNGUARDED_AVAILABILITY = YES_AGGRESSIVE;
				CLANG_WARN_UNREACHABLE_CODE = YES;
				CLANG_WARN__DUPLICATE_METHOD_MATCH = YES;
				CODE_SIGN_IDENTITY = "Mac Developer";
				COPY_PHASE_STRIP = NO;
				DEBUG_INFORMATION_FORMAT = dwarf;
				ENABLE_STRICT_OBJC_MSGSEND = YES;
				ENABLE_TESTABILITY = YES;
				GCC_C_LANGUAGE_STANDARD = gnu11;
				GCC_DYNAMIC_NO_PIC = NO;
				GCC_NO_COMMON_BLOCKS = YES;
				GCC_OPTIMIZATION_LEVEL = 0;
				GCC_PREPROCESSOR_DEFINITIONS = (
					"DEBUG=1",
					"$(inherited)",
				);
				GCC_WARN_64_TO_32_BIT_CONVERSION = YES;
				GCC_WARN_ABOUT_RETURN_TYPE = YES_ERROR;
				GCC_WARN_UNDECLARED_SELECTOR = YES;
				GCC_WARN_UNINITIALIZED_AUTOS = YES_AGGRESSIVE;
				GCC_WARN_UNUSED_FUNCTION = YES;
				GCC_WARN_UNUSED_VARIABLE = YES;
				MACOSX_DEPLOYMENT_TARGET = 10.14;
				MTL_ENABLE_DEBUG_INFO = INCLUDE_SOURCE;
				MTL_FAST_MATH = YES;
				ONLY_ACTIVE_ARCH = YES;
				SDKROOT = macosx;
				SWIFT_ACTIVE_COMPILATION_CONDITIONS = DEBUG;
				SWIFT_OPTIMIZATION_LEVEL = "-Onone";
			};
			name = Debug;
		};
		79789CFC2295C6AC0092BA29 /* Release */ = {
			isa = XCBuildConfiguration;
			buildSettings = {
				ALWAYS_SEARCH_USER_PATHS = NO;
				CLANG_ANALYZER_NONNULL = YES;
				CLANG_ANALYZER_NUMBER_OBJECT_CONVERSION = YES_AGGRESSIVE;
				CLANG_CXX_LANGUAGE_STANDARD = "gnu++14";
				CLANG_CXX_LIBRARY = "libc++";
				CLANG_ENABLE_MODULES = YES;
				CLANG_ENABLE_OBJC_ARC = YES;
				CLANG_ENABLE_OBJC_WEAK = YES;
				CLANG_WARN_BLOCK_CAPTURE_AUTORELEASING = YES;
				CLANG_WARN_BOOL_CONVERSION = YES;
				CLANG_WARN_COMMA = YES;
				CLANG_WARN_CONSTANT_CONVERSION = YES;
				CLANG_WARN_DEPRECATED_OBJC_IMPLEMENTATIONS = YES;
				CLANG_WARN_DIRECT_OBJC_ISA_USAGE = YES_ERROR;
				CLANG_WARN_DOCUMENTATION_COMMENTS = YES;
				CLANG_WARN_EMPTY_BODY = YES;
				CLANG_WARN_ENUM_CONVERSION = YES;
				CLANG_WARN_INFINITE_RECURSION = YES;
				CLANG_WARN_INT_CONVERSION = YES;
				CLANG_WARN_NON_LITERAL_NULL_CONVERSION = YES;
				CLANG_WARN_OBJC_IMPLICIT_RETAIN_SELF = YES;
				CLANG_WARN_OBJC_LITERAL_CONVERSION = YES;
				CLANG_WARN_OBJC_ROOT_CLASS = YES_ERROR;
				CLANG_WARN_RANGE_LOOP_ANALYSIS = YES;
				CLANG_WARN_STRICT_PROTOTYPES = YES;
				CLANG_WARN_SUSPICIOUS_MOVE = YES;
				CLANG_WARN_UNGUARDED_AVAILABILITY = YES_AGGRESSIVE;
				CLANG_WARN_UNREACHABLE_CODE = YES;
				CLANG_WARN__DUPLICATE_METHOD_MATCH = YES;
				CODE_SIGN_IDENTITY = "Mac Developer";
				COPY_PHASE_STRIP = NO;
				DEBUG_INFORMATION_FORMAT = "dwarf-with-dsym";
				ENABLE_NS_ASSERTIONS = NO;
				ENABLE_STRICT_OBJC_MSGSEND = YES;
				GCC_C_LANGUAGE_STANDARD = gnu11;
				GCC_NO_COMMON_BLOCKS = YES;
				GCC_WARN_64_TO_32_BIT_CONVERSION = YES;
				GCC_WARN_ABOUT_RETURN_TYPE = YES_ERROR;
				GCC_WARN_UNDECLARED_SELECTOR = YES;
				GCC_WARN_UNINITIALIZED_AUTOS = YES_AGGRESSIVE;
				GCC_WARN_UNUSED_FUNCTION = YES;
				GCC_WARN_UNUSED_VARIABLE = YES;
				MACOSX_DEPLOYMENT_TARGET = 10.14;
				MTL_ENABLE_DEBUG_INFO = NO;
				MTL_FAST_MATH = YES;
				SDKROOT = macosx;
				SWIFT_COMPILATION_MODE = wholemodule;
				SWIFT_OPTIMIZATION_LEVEL = "-O";
			};
			name = Release;
		};
		79789CFE2295C6AC0092BA29 /* Debug */ = {
			isa = XCBuildConfiguration;
			buildSettings = {
				ASSETCATALOG_COMPILER_APPICON_NAME = AppIcon;
				CODE_SIGN_ENTITLEMENTS = EnderGameDesktop/EnderGameDesktop.entitlements;
				CODE_SIGN_STYLE = Automatic;
				COMBINE_HIDPI_IMAGES = YES;
				DEVELOPMENT_TEAM = 76D4MCAB8Y;
				INFOPLIST_FILE = EnderGameDesktop/Info.plist;
				LD_RUNPATH_SEARCH_PATHS = (
					"$(inherited)",
					"@executable_path/../Frameworks",
				);
				PRODUCT_BUNDLE_IDENTIFIER = com.mmirat.EnderGameDesktop;
				PRODUCT_NAME = "$(TARGET_NAME)";
				SWIFT_VERSION = 5.0;
			};
			name = Debug;
		};
		79789CFF2295C6AC0092BA29 /* Release */ = {
			isa = XCBuildConfiguration;
			buildSettings = {
				ASSETCATALOG_COMPILER_APPICON_NAME = AppIcon;
				CODE_SIGN_ENTITLEMENTS = EnderGameDesktop/EnderGameDesktop.entitlements;
				CODE_SIGN_STYLE = Automatic;
				COMBINE_HIDPI_IMAGES = YES;
				DEVELOPMENT_TEAM = 76D4MCAB8Y;
				INFOPLIST_FILE = EnderGameDesktop/Info.plist;
				LD_RUNPATH_SEARCH_PATHS = (
					"$(inherited)",
					"@executable_path/../Frameworks",
				);
				PRODUCT_BUNDLE_IDENTIFIER = com.mmirat.EnderGameDesktop;
				PRODUCT_NAME = "$(TARGET_NAME)";
				SWIFT_VERSION = 5.0;
			};
			name = Release;
		};
/* End XCBuildConfiguration section */

/* Begin XCConfigurationList section */
		79789CE22295C6AA0092BA29 /* Build configuration list for PBXProject "EnderGameDesktop" */ = {
			isa = XCConfigurationList;
			buildConfigurations = (
				79789CFB2295C6AC0092BA29 /* Debug */,
				79789CFC2295C6AC0092BA29 /* Release */,
			);
			defaultConfigurationIsVisible = 0;
			defaultConfigurationName = Release;
		};
		79789CFD2295C6AC0092BA29 /* Build configuration list for PBXNativeTarget "EnderGameDesktop" */ = {
			isa = XCConfigurationList;
			buildConfigurations = (
				79789CFE2295C6AC0092BA29 /* Debug */,
				79789CFF2295C6AC0092BA29 /* Release */,
			);
			defaultConfigurationIsVisible = 0;
			defaultConfigurationName = Release;
		};
/* End XCConfigurationList section */
	};
	rootObject = 79789CDF2295C6AA0092BA29 /* Project object */;
}
